// !$*UTF8*$!
{
	archiveVersion = 1;
	classes = {
	};
	objectVersion = 50;
	objects = {

/* Begin PBXBuildFile section */
		F1B5CACE24E51A6200D18993 /* AppDelegate.swift in Sources */ = {isa = PBXBuildFile; fileRef = F1B5CACD24E51A6200D18993 /* AppDelegate.swift */; };
		F1B5CAD024E51A6200D18993 /* SceneDelegate.swift in Sources */ = {isa = PBXBuildFile; fileRef = F1B5CACF24E51A6200D18993 /* SceneDelegate.swift */; };
		F1B5CAD224E51A6200D18993 /* ContentView.swift in Sources */ = {isa = PBXBuildFile; fileRef = F1B5CAD124E51A6200D18993 /* ContentView.swift */; };
		F1B5CAD424E51A6300D18993 /* Assets.xcassets in Resources */ = {isa = PBXBuildFile; fileRef = F1B5CAD324E51A6300D18993 /* Assets.xcassets */; };
		F1B5CAD724E51A6300D18993 /* Preview Assets.xcassets in Resources */ = {isa = PBXBuildFile; fileRef = F1B5CAD624E51A6300D18993 /* Preview Assets.xcassets */; };
		F1B5CADA24E51A6300D18993 /* LaunchScreen.storyboard in Resources */ = {isa = PBXBuildFile; fileRef = F1B5CAD824E51A6300D18993 /* LaunchScreen.storyboard */; };
/* End PBXBuildFile section */

/* Begin PBXFileReference section */
		F1B5CACA24E51A6200D18993 /* Card Swipe Animations.app */ = {isa = PBXFileReference; explicitFileType = wrapper.application; includeInIndex = 0; path = "Card Swipe Animations.app"; sourceTree = BUILT_PRODUCTS_DIR; };
		F1B5CACD24E51A6200D18993 /* AppDelegate.swift */ = {isa = PBXFileReference; lastKnownFileType = sourcecode.swift; path = AppDelegate.swift; sourceTree = "<group>"; };
		F1B5CACF24E51A6200D18993 /* SceneDelegate.swift */ = {isa = PBXFileReference; lastKnownFileType = sourcecode.swift; path = SceneDelegate.swift; sourceTree = "<group>"; };
		F1B5CAD124E51A6200D18993 /* ContentView.swift */ = {isa = PBXFileReference; lastKnownFileType = sourcecode.swift; path = ContentView.swift; sourceTree = "<group>"; };
		F1B5CAD324E51A6300D18993 /* Assets.xcassets */ = {isa = PBXFileReference; lastKnownFileType = folder.assetcatalog; path = Assets.xcassets; sourceTree = "<group>"; };
		F1B5CAD624E51A6300D18993 /* Preview Assets.xcassets */ = {isa = PBXFileReference; lastKnownFileType = folder.assetcatalog; path = "Preview Assets.xcassets"; sourceTree = "<group>"; };
		F1B5CAD924E51A6300D18993 /* Base */ = {isa = PBXFileReference; lastKnownFileType = file.storyboard; name = Base; path = Base.lproj/LaunchScreen.storyboard; sourceTree = "<group>"; };
		F1B5CADB24E51A6300D18993 /* Info.plist */ = {isa = PBXFileReference; lastKnownFileType = text.plist.xml; path = Info.plist; sourceTree = "<group>"; };
/* End PBXFileReference section */

/* Begin PBXFrameworksBuildPhase section */
		F1B5CAC724E51A6200D18993 /* Frameworks */ = {
			isa = PBXFrameworksBuildPhase;
			buildActionMask = 2147483647;
			files = (
			);
			runOnlyForDeploymentPostprocessing = 0;
		};
/* End PBXFrameworksBuildPhase section */

/* Begin PBXGroup section */
		F1B5CAC124E51A6200D18993 = {
			isa = PBXGroup;
			children = (
				F1B5CACC24E51A6200D18993 /* Card Swipe Animations */,
				F1B5CACB24E51A6200D18993 /* Products */,
			);
			sourceTree = "<group>";
		};
		F1B5CACB24E51A6200D18993 /* Products */ = {
			isa = PBXGroup;
			children = (
				F1B5CACA24E51A6200D18993 /* Card Swipe Animations.app */,
			);
			name = Products;
			sourceTree = "<group>";
		};
		F1B5CACC24E51A6200D18993 /* Card Swipe Animations */ = {
			isa = PBXGroup;
			children = (
				F1B5CACD24E51A6200D18993 /* AppDelegate.swift */,
				F1B5CACF24E51A6200D18993 /* SceneDelegate.swift */,
				F1B5CAD124E51A6200D18993 /* ContentView.swift */,
				F1B5CAD324E51A6300D18993 /* Assets.xcassets */,
				F1B5CAD824E51A6300D18993 /* LaunchScreen.storyboard */,
				F1B5CADB24E51A6300D18993 /* Info.plist */,
				F1B5CAD524E51A6300D18993 /* Preview Content */,
			);
			path = "Card Swipe Animations";
			sourceTree = "<group>";
		};
		F1B5CAD524E51A6300D18993 /* Preview Content */ = {
			isa = PBXGroup;
			children = (
				F1B5CAD624E51A6300D18993 /* Preview Assets.xcassets */,
			);
			path = "Preview Content";
			sourceTree = "<group>";
		};
/* End PBXGroup section */

/* Begin PBXNativeTarget section */
		F1B5CAC924E51A6200D18993 /* Card Swipe Animations */ = {
			isa = PBXNativeTarget;
			buildConfigurationList = F1B5CADE24E51A6300D18993 /* Build configuration list for PBXNativeTarget "Card Swipe Animations" */;
			buildPhases = (
				F1B5CAC624E51A6200D18993 /* Sources */,
				F1B5CAC724E51A6200D18993 /* Frameworks */,
				F1B5CAC824E51A6200D18993 /* Resources */,
			);
			buildRules = (
			);
			dependencies = (
			);
			name = "Card Swipe Animations";
			productName = "Card Swipe Animations";
			productReference = F1B5CACA24E51A6200D18993 /* Card Swipe Animations.app */;
			productType = "com.apple.product-type.application";
		};
/* End PBXNativeTarget section */

/* Begin PBXProject section */
		F1B5CAC224E51A6200D18993 /* Project object */ = {
			isa = PBXProject;
			attributes = {
				LastSwiftUpdateCheck = 1200;
				LastUpgradeCheck = 1200;
				TargetAttributes = {
					F1B5CAC924E51A6200D18993 = {
						CreatedOnToolsVersion = 12.0;
					};
				};
			};
			buildConfigurationList = F1B5CAC524E51A6200D18993 /* Build configuration list for PBXProject "Card Swipe Animations" */;
			compatibilityVersion = "Xcode 9.3";
			developmentRegion = en;
			hasScannedForEncodings = 0;
			knownRegions = (
				en,
				Base,
			);
			mainGroup = F1B5CAC124E51A6200D18993;
			productRefGroup = F1B5CACB24E51A6200D18993 /* Products */;
			projectDirPath = "";
			projectRoot = "";
			targets = (
				F1B5CAC924E51A6200D18993 /* Card Swipe Animations */,
			);
		};
/* End PBXProject section */

/* Begin PBXResourcesBuildPhase section */
		F1B5CAC824E51A6200D18993 /* Resources */ = {
			isa = PBXResourcesBuildPhase;
			buildActionMask = 2147483647;
			files = (
				F1B5CADA24E51A6300D18993 /* LaunchScreen.storyboard in Resources */,
				F1B5CAD724E51A6300D18993 /* Preview Assets.xcassets in Resources */,
				F1B5CAD424E51A6300D18993 /* Assets.xcassets in Resources */,
			);
			runOnlyForDeploymentPostprocessing = 0;
		};
/* End PBXResourcesBuildPhase section */

/* Begin PBXSourcesBuildPhase section */
		F1B5CAC624E51A6200D18993 /* Sources */ = {
			isa = PBXSourcesBuildPhase;
			buildActionMask = 2147483647;
			files = (
				F1B5CACE24E51A6200D18993 /* AppDelegate.swift in Sources */,
				F1B5CAD024E51A6200D18993 /* SceneDelegate.swift in Sources */,
				F1B5CAD224E51A6200D18993 /* ContentView.swift in Sources */,
			);
			runOnlyForDeploymentPostprocessing = 0;
		};
/* End PBXSourcesBuildPhase section */

/* Begin PBXVariantGroup section */
		F1B5CAD824E51A6300D18993 /* LaunchScreen.storyboard */ = {
			isa = PBXVariantGroup;
			children = (
				F1B5CAD924E51A6300D18993 /* Base */,
			);
			name = LaunchScreen.storyboard;
			sourceTree = "<group>";
		};
/* End PBXVariantGroup section */

/* Begin XCBuildConfiguration section */
		F1B5CADC24E51A6300D18993 /* Debug */ = {
			isa = XCBuildConfiguration;
			buildSettings = {
				ALWAYS_SEARCH_USER_PATHS = NO;
				CLANG_ANALYZER_NONNULL = YES;
				CLANG_ANALYZER_NUMBER_OBJECT_CONVERSION = YES_AGGRESSIVE;
				CLANG_CXX_LANGUAGE_STANDARD = "gnu++14";
				CLANG_CXX_LIBRARY = "libc++";
				CLANG_ENABLE_MODULES = YES;
				CLANG_ENABLE_OBJC_ARC = YES;
				CLANG_ENABLE_OBJC_WEAK = YES;
				CLANG_WARN_BLOCK_CAPTURE_AUTORELEASING = YES;
				CLANG_WARN_BOOL_CONVERSION = YES;
				CLANG_WARN_COMMA = YES;
				CLANG_WARN_CONSTANT_CONVERSION = YES;
				CLANG_WARN_DEPRECATED_OBJC_IMPLEMENTATIONS = YES;
				CLANG_WARN_DIRECT_OBJC_ISA_USAGE = YES_ERROR;
				CLANG_WARN_DOCUMENTATION_COMMENTS = YES;
				CLANG_WARN_EMPTY_BODY = YES;
				CLANG_WARN_ENUM_CONVERSION = YES;
				CLANG_WARN_INFINITE_RECURSION = YES;
				CLANG_WARN_INT_CONVERSION = YES;
				CLANG_WARN_NON_LITERAL_NULL_CONVERSION = YES;
				CLANG_WARN_OBJC_IMPLICIT_RETAIN_SELF = YES;
				CLANG_WARN_OBJC_LITERAL_CONVERSION = YES;
				CLANG_WARN_OBJC_ROOT_CLASS = YES_ERROR;
				CLANG_WARN_QUOTED_INCLUDE_IN_FRAMEWORK_HEADER = YES;
				CLANG_WARN_RANGE_LOOP_ANALYSIS = YES;
				CLANG_WARN_STRICT_PROTOTYPES = YES;
				CLANG_WARN_SUSPICIOUS_MOVE = YES;
				CLANG_WARN_UNGUARDED_AVAILABILITY = YES_AGGRESSIVE;
				CLANG_WARN_UNREACHABLE_CODE = YES;
				CLANG_WARN__DUPLICATE_METHOD_MATCH = YES;
				COPY_PHASE_STRIP = NO;
				DEBUG_INFORMATION_FORMAT = dwarf;
				ENABLE_STRICT_OBJC_MSGSEND = YES;
				ENABLE_TESTABILITY = YES;
				GCC_C_LANGUAGE_STANDARD = gnu11;
				GCC_DYNAMIC_NO_PIC = NO;
				GCC_NO_COMMON_BLOCKS = YES;
				GCC_OPTIMIZATION_LEVEL = 0;
				GCC_PREPROCESSOR_DEFINITIONS = (
					"DEBUG=1",
					"$(inherited)",
				);
				GCC_WARN_64_TO_32_BIT_CONVERSION = YES;
				GCC_WARN_ABOUT_RETURN_TYPE = YES_ERROR;
				GCC_WARN_UNDECLARED_SELECTOR = YES;
				GCC_WARN_UNINITIALIZED_AUTOS = YES_AGGRESSIVE;
				GCC_WARN_UNUSED_FUNCTION = YES;
				GCC_WARN_UNUSED_VARIABLE = YES;
				IPHONEOS_DEPLOYMENT_TARGET = 14.0;
				MTL_ENABLE_DEBUG_INFO = INCLUDE_SOURCE;
				MTL_FAST_MATH = YES;
				ONLY_ACTIVE_ARCH = YES;
				SDKROOT = iphoneos;
				SWIFT_ACTIVE_COMPILATION_CONDITIONS = DEBUG;
				SWIFT_OPTIMIZATION_LEVEL = "-Onone";
			};
			name = Debug;
		};
		F1B5CADD24E51A6300D18993 /* Release */ = {
			isa = XCBuildConfiguration;
			buildSettings = {
				ALWAYS_SEARCH_USER_PATHS = NO;
				CLANG_ANALYZER_NONNULL = YES;
				CLANG_ANALYZER_NUMBER_OBJECT_CONVERSION = YES_AGGRESSIVE;
				CLANG_CXX_LANGUAGE_STANDARD = "gnu++14";
				CLANG_CXX_LIBRARY = "libc++";
				CLANG_ENABLE_MODULES = YES;
				CLANG_ENABLE_OBJC_ARC = YES;
				CLANG_ENABLE_OBJC_WEAK = YES;
				CLANG_WARN_BLOCK_CAPTURE_AUTORELEASING = YES;
				CLANG_WARN_BOOL_CONVERSION = YES;
				CLANG_WARN_COMMA = YES;
				CLANG_WARN_CONSTANT_CONVERSION = YES;
				CLANG_WARN_DEPRECATED_OBJC_IMPLEMENTATIONS = YES;
				CLANG_WARN_DIRECT_OBJC_ISA_USAGE = YES_ERROR;
				CLANG_WARN_DOCUMENTATION_COMMENTS = YES;
				CLANG_WARN_EMPTY_BODY = YES;
				CLANG_WARN_ENUM_CONVERSION = YES;
				CLANG_WARN_INFINITE_RECURSION = YES;
				CLANG_WARN_INT_CONVERSION = YES;
				CLANG_WARN_NON_LITERAL_NULL_CONVERSION = YES;
				CLANG_WARN_OBJC_IMPLICIT_RETAIN_SELF = YES;
				CLANG_WARN_OBJC_LITERAL_CONVERSION = YES;
				CLANG_WARN_OBJC_ROOT_CLASS = YES_ERROR;
				CLANG_WARN_QUOTED_INCLUDE_IN_FRAMEWORK_HEADER = YES;
				CLANG_WARN_RANGE_LOOP_ANALYSIS = YES;
				CLANG_WARN_STRICT_PROTOTYPES = YES;
				CLANG_WARN_SUSPICIOUS_MOVE = YES;
				CLANG_WARN_UNGUARDED_AVAILABILITY = YES_AGGRESSIVE;
				CLANG_WARN_UNREACHABLE_CODE = YES;
				CLANG_WARN__DUPLICATE_METHOD_MATCH = YES;
				COPY_PHASE_STRIP = NO;
				DEBUG_INFORMATION_FORMAT = "dwarf-with-dsym";
				ENABLE_NS_ASSERTIONS = NO;
				ENABLE_STRICT_OBJC_MSGSEND = YES;
				GCC_C_LANGUAGE_STANDARD = gnu11;
				GCC_NO_COMMON_BLOCKS = YES;
				GCC_WARN_64_TO_32_BIT_CONVERSION = YES;
				GCC_WARN_ABOUT_RETURN_TYPE = YES_ERROR;
				GCC_WARN_UNDECLARED_SELECTOR = YES;
				GCC_WARN_UNINITIALIZED_AUTOS = YES_AGGRESSIVE;
				GCC_WARN_UNUSED_FUNCTION = YES;
				GCC_WARN_UNUSED_VARIABLE = YES;
				IPHONEOS_DEPLOYMENT_TARGET = 14.0;
				MTL_ENABLE_DEBUG_INFO = NO;
				MTL_FAST_MATH = YES;
				SDKROOT = iphoneos;
				SWIFT_COMPILATION_MODE = wholemodule;
				SWIFT_OPTIMIZATION_LEVEL = "-O";
				VALIDATE_PRODUCT = YES;
			};
			name = Release;
		};
		F1B5CADF24E51A6300D18993 /* Debug */ = {
			isa = XCBuildConfiguration;
			buildSettings = {
				ASSETCATALOG_COMPILER_APPICON_NAME = AppIcon;
				ASSETCATALOG_COMPILER_GLOBAL_ACCENT_COLOR_NAME = AccentColor;
				CODE_SIGN_STYLE = Automatic;
				DEVELOPMENT_ASSET_PATHS = "\"Card Swipe Animations/Preview Content\"";
				DEVELOPMENT_TEAM = 6JW3YQAPPF;
				ENABLE_PREVIEWS = YES;
				INFOPLIST_FILE = "Card Swipe Animations/Info.plist";
				LD_RUNPATH_SEARCH_PATHS = (
					"$(inherited)",
					"@executable_path/Frameworks",
				);
				PRODUCT_BUNDLE_IDENTIFIER = "me.altmurzilka.Card-Swipe-Animations";
				PRODUCT_NAME = "$(TARGET_NAME)";
				SWIFT_VERSION = 5.0;
				TARGETED_DEVICE_FAMILY = "1,2";
			};
			name = Debug;
		};
		F1B5CAE024E51A6300D18993 /* Release */ = {
			isa = XCBuildConfiguration;
			buildSettings = {
				ASSETCATALOG_COMPILER_APPICON_NAME = AppIcon;
				ASSETCATALOG_COMPILER_GLOBAL_ACCENT_COLOR_NAME = AccentColor;
				CODE_SIGN_STYLE = Automatic;
				DEVELOPMENT_ASSET_PATHS = "\"Card Swipe Animations/Preview Content\"";
				DEVELOPMENT_TEAM = 6JW3YQAPPF;
				ENABLE_PREVIEWS = YES;
				INFOPLIST_FILE = "Card Swipe Animations/Info.plist";
				LD_RUNPATH_SEARCH_PATHS = (
					"$(inherited)",
					"@executable_path/Frameworks",
				);
				PRODUCT_BUNDLE_IDENTIFIER = "me.altmurzilka.Card-Swipe-Animations";
				PRODUCT_NAME = "$(TARGET_NAME)";
				SWIFT_VERSION = 5.0;
				TARGETED_DEVICE_FAMILY = "1,2";
			};
			name = Release;
		};
/* End XCBuildConfiguration section */

/* Begin XCConfigurationList section */
		F1B5CAC524E51A6200D18993 /* Build configuration list for PBXProject "Card Swipe Animations" */ = {
			isa = XCConfigurationList;
			buildConfigurations = (
				F1B5CADC24E51A6300D18993 /* Debug */,
				F1B5CADD24E51A6300D18993 /* Release */,
			);
			defaultConfigurationIsVisible = 0;
			defaultConfigurationName = Release;
		};
		F1B5CADE24E51A6300D18993 /* Build configuration list for PBXNativeTarget "Card Swipe Animations" */ = {
			isa = XCConfigurationList;
			buildConfigurations = (
				F1B5CADF24E51A6300D18993 /* Debug */,
				F1B5CAE024E51A6300D18993 /* Release */,
			);
			defaultConfigurationIsVisible = 0;
			defaultConfigurationName = Release;
		};
/* End XCConfigurationList section */
	};
	rootObject = F1B5CAC224E51A6200D18993 /* Project object */;
}
