// !$*UTF8*$!
{
	archiveVersion = 1;
	classes = {
	};
	objectVersion = 50;
	objects = {

/* Begin PBXBuildFile section */
		F17E4A472496B8A5009C6880 /* AppDelegate.swift in Sources */ = {isa = PBXBuildFile; fileRef = F17E4A462496B8A5009C6880 /* AppDelegate.swift */; };
		F17E4A492496B8A5009C6880 /* SceneDelegate.swift in Sources */ = {isa = PBXBuildFile; fileRef = F17E4A482496B8A5009C6880 /* SceneDelegate.swift */; };
		F17E4A4B2496B8A5009C6880 /* ContentView.swift in Sources */ = {isa = PBXBuildFile; fileRef = F17E4A4A2496B8A5009C6880 /* ContentView.swift */; };
		F17E4A4D2496B8A6009C6880 /* Assets.xcassets in Resources */ = {isa = PBXBuildFile; fileRef = F17E4A4C2496B8A6009C6880 /* Assets.xcassets */; };
		F17E4A502496B8A6009C6880 /* Preview Assets.xcassets in Resources */ = {isa = PBXBuildFile; fileRef = F17E4A4F2496B8A6009C6880 /* Preview Assets.xcassets */; };
		F17E4A532496B8A6009C6880 /* LaunchScreen.storyboard in Resources */ = {isa = PBXBuildFile; fileRef = F17E4A512496B8A6009C6880 /* LaunchScreen.storyboard */; };
		F17E4A5B2496B8D1009C6880 /* Home.swift in Sources */ = {isa = PBXBuildFile; fileRef = F17E4A5A2496B8D1009C6880 /* Home.swift */; };
		F17E4A5D2496B900009C6880 /* Menu.swift in Sources */ = {isa = PBXBuildFile; fileRef = F17E4A5C2496B900009C6880 /* Menu.swift */; };
/* End PBXBuildFile section */

/* Begin PBXFileReference section */
		F17E4A432496B8A5009C6880 /* DarkModeMenu.app */ = {isa = PBXFileReference; explicitFileType = wrapper.application; includeInIndex = 0; path = DarkModeMenu.app; sourceTree = BUILT_PRODUCTS_DIR; };
		F17E4A462496B8A5009C6880 /* AppDelegate.swift */ = {isa = PBXFileReference; lastKnownFileType = sourcecode.swift; path = AppDelegate.swift; sourceTree = "<group>"; };
		F17E4A482496B8A5009C6880 /* SceneDelegate.swift */ = {isa = PBXFileReference; lastKnownFileType = sourcecode.swift; path = SceneDelegate.swift; sourceTree = "<group>"; };
		F17E4A4A2496B8A5009C6880 /* ContentView.swift */ = {isa = PBXFileReference; lastKnownFileType = sourcecode.swift; path = ContentView.swift; sourceTree = "<group>"; };
		F17E4A4C2496B8A6009C6880 /* Assets.xcassets */ = {isa = PBXFileReference; lastKnownFileType = folder.assetcatalog; path = Assets.xcassets; sourceTree = "<group>"; };
		F17E4A4F2496B8A6009C6880 /* Preview Assets.xcassets */ = {isa = PBXFileReference; lastKnownFileType = folder.assetcatalog; path = "Preview Assets.xcassets"; sourceTree = "<group>"; };
		F17E4A522496B8A6009C6880 /* Base */ = {isa = PBXFileReference; lastKnownFileType = file.storyboard; name = Base; path = Base.lproj/LaunchScreen.storyboard; sourceTree = "<group>"; };
		F17E4A542496B8A6009C6880 /* Info.plist */ = {isa = PBXFileReference; lastKnownFileType = text.plist.xml; path = Info.plist; sourceTree = "<group>"; };
		F17E4A5A2496B8D1009C6880 /* Home.swift */ = {isa = PBXFileReference; lastKnownFileType = sourcecode.swift; path = Home.swift; sourceTree = SOURCE_ROOT; };
		F17E4A5C2496B900009C6880 /* Menu.swift */ = {isa = PBXFileReference; lastKnownFileType = sourcecode.swift; path = Menu.swift; sourceTree = "<group>"; };
/* End PBXFileReference section */

/* Begin PBXFrameworksBuildPhase section */
		F17E4A402496B8A5009C6880 /* Frameworks */ = {
			isa = PBXFrameworksBuildPhase;
			buildActionMask = 2147483647;
			files = (
			);
			runOnlyForDeploymentPostprocessing = 0;
		};
/* End PBXFrameworksBuildPhase section */

/* Begin PBXGroup section */
		F17E4A3A2496B8A5009C6880 = {
			isa = PBXGroup;
			children = (
				F17E4A452496B8A5009C6880 /* DarkModeMenu */,
				F17E4A442496B8A5009C6880 /* Products */,
			);
			sourceTree = "<group>";
		};
		F17E4A442496B8A5009C6880 /* Products */ = {
			isa = PBXGroup;
			children = (
				F17E4A432496B8A5009C6880 /* DarkModeMenu.app */,
			);
			name = Products;
			sourceTree = "<group>";
		};
		F17E4A452496B8A5009C6880 /* DarkModeMenu */ = {
			isa = PBXGroup;
			children = (
				F17E4A5A2496B8D1009C6880 /* Home.swift */,
				F17E4A5C2496B900009C6880 /* Menu.swift */,
				F17E4A462496B8A5009C6880 /* AppDelegate.swift */,
				F17E4A482496B8A5009C6880 /* SceneDelegate.swift */,
				F17E4A4A2496B8A5009C6880 /* ContentView.swift */,
				F17E4A4C2496B8A6009C6880 /* Assets.xcassets */,
				F17E4A512496B8A6009C6880 /* LaunchScreen.storyboard */,
				F17E4A542496B8A6009C6880 /* Info.plist */,
				F17E4A4E2496B8A6009C6880 /* Preview Content */,
			);
			path = DarkModeMenu;
			sourceTree = "<group>";
		};
		F17E4A4E2496B8A6009C6880 /* Preview Content */ = {
			isa = PBXGroup;
			children = (
				F17E4A4F2496B8A6009C6880 /* Preview Assets.xcassets */,
			);
			path = "Preview Content";
			sourceTree = "<group>";
		};
/* End PBXGroup section */

/* Begin PBXNativeTarget section */
		F17E4A422496B8A5009C6880 /* DarkModeMenu */ = {
			isa = PBXNativeTarget;
			buildConfigurationList = F17E4A572496B8A6009C6880 /* Build configuration list for PBXNativeTarget "DarkModeMenu" */;
			buildPhases = (
				F17E4A3F2496B8A5009C6880 /* Sources */,
				F17E4A402496B8A5009C6880 /* Frameworks */,
				F17E4A412496B8A5009C6880 /* Resources */,
			);
			buildRules = (
			);
			dependencies = (
			);
			name = DarkModeMenu;
			productName = DarkModeMenu;
			productReference = F17E4A432496B8A5009C6880 /* DarkModeMenu.app */;
			productType = "com.apple.product-type.application";
		};
/* End PBXNativeTarget section */

/* Begin PBXProject section */
		F17E4A3B2496B8A5009C6880 /* Project object */ = {
			isa = PBXProject;
			attributes = {
				LastSwiftUpdateCheck = 1150;
				LastUpgradeCheck = 1150;
				ORGANIZATIONNAME = "алтынпончик";
				TargetAttributes = {
					F17E4A422496B8A5009C6880 = {
						CreatedOnToolsVersion = 11.5;
					};
				};
			};
			buildConfigurationList = F17E4A3E2496B8A5009C6880 /* Build configuration list for PBXProject "DarkModeMenu" */;
			compatibilityVersion = "Xcode 9.3";
			developmentRegion = en;
			hasScannedForEncodings = 0;
			knownRegions = (
				en,
				Base,
			);
			mainGroup = F17E4A3A2496B8A5009C6880;
			productRefGroup = F17E4A442496B8A5009C6880 /* Products */;
			projectDirPath = "";
			projectRoot = "";
			targets = (
				F17E4A422496B8A5009C6880 /* DarkModeMenu */,
			);
		};
/* End PBXProject section */

/* Begin PBXResourcesBuildPhase section */
		F17E4A412496B8A5009C6880 /* Resources */ = {
			isa = PBXResourcesBuildPhase;
			buildActionMask = 2147483647;
			files = (
				F17E4A532496B8A6009C6880 /* LaunchScreen.storyboard in Resources */,
				F17E4A502496B8A6009C6880 /* Preview Assets.xcassets in Resources */,
				F17E4A4D2496B8A6009C6880 /* Assets.xcassets in Resources */,
			);
			runOnlyForDeploymentPostprocessing = 0;
		};
/* End PBXResourcesBuildPhase section */

/* Begin PBXSourcesBuildPhase section */
		F17E4A3F2496B8A5009C6880 /* Sources */ = {
			isa = PBXSourcesBuildPhase;
			buildActionMask = 2147483647;
			files = (
				F17E4A472496B8A5009C6880 /* AppDelegate.swift in Sources */,
				F17E4A492496B8A5009C6880 /* SceneDelegate.swift in Sources */,
				F17E4A5B2496B8D1009C6880 /* Home.swift in Sources */,
				F17E4A4B2496B8A5009C6880 /* ContentView.swift in Sources */,
				F17E4A5D2496B900009C6880 /* Menu.swift in Sources */,
			);
			runOnlyForDeploymentPostprocessing = 0;
		};
/* End PBXSourcesBuildPhase section */

/* Begin PBXVariantGroup section */
		F17E4A512496B8A6009C6880 /* LaunchScreen.storyboard */ = {
			isa = PBXVariantGroup;
			children = (
				F17E4A522496B8A6009C6880 /* Base */,
			);
			name = LaunchScreen.storyboard;
			sourceTree = "<group>";
		};
/* End PBXVariantGroup section */

/* Begin XCBuildConfiguration section */
		F17E4A552496B8A6009C6880 /* Debug */ = {
			isa = XCBuildConfiguration;
			buildSettings = {
				ALWAYS_SEARCH_USER_PATHS = NO;
				CLANG_ANALYZER_NONNULL = YES;
				CLANG_ANALYZER_NUMBER_OBJECT_CONVERSION = YES_AGGRESSIVE;
				CLANG_CXX_LANGUAGE_STANDARD = "gnu++14";
				CLANG_CXX_LIBRARY = "libc++";
				CLANG_ENABLE_MODULES = YES;
				CLANG_ENABLE_OBJC_ARC = YES;
				CLANG_ENABLE_OBJC_WEAK = YES;
				CLANG_WARN_BLOCK_CAPTURE_AUTORELEASING = YES;
				CLANG_WARN_BOOL_CONVERSION = YES;
				CLANG_WARN_COMMA = YES;
				CLANG_WARN_CONSTANT_CONVERSION = YES;
				CLANG_WARN_DEPRECATED_OBJC_IMPLEMENTATIONS = YES;
				CLANG_WARN_DIRECT_OBJC_ISA_USAGE = YES_ERROR;
				CLANG_WARN_DOCUMENTATION_COMMENTS = YES;
				CLANG_WARN_EMPTY_BODY = YES;
				CLANG_WARN_ENUM_CONVERSION = YES;
				CLANG_WARN_INFINITE_RECURSION = YES;
				CLANG_WARN_INT_CONVERSION = YES;
				CLANG_WARN_NON_LITERAL_NULL_CONVERSION = YES;
				CLANG_WARN_OBJC_IMPLICIT_RETAIN_SELF = YES;
				CLANG_WARN_OBJC_LITERAL_CONVERSION = YES;
				CLANG_WARN_OBJC_ROOT_CLASS = YES_ERROR;
				CLANG_WARN_RANGE_LOOP_ANALYSIS = YES;
				CLANG_WARN_STRICT_PROTOTYPES = YES;
				CLANG_WARN_SUSPICIOUS_MOVE = YES;
				CLANG_WARN_UNGUARDED_AVAILABILITY = YES_AGGRESSIVE;
				CLANG_WARN_UNREACHABLE_CODE = YES;
				CLANG_WARN__DUPLICATE_METHOD_MATCH = YES;
				COPY_PHASE_STRIP = NO;
				DEBUG_INFORMATION_FORMAT = dwarf;
				ENABLE_STRICT_OBJC_MSGSEND = YES;
				ENABLE_TESTABILITY = YES;
				GCC_C_LANGUAGE_STANDARD = gnu11;
				GCC_DYNAMIC_NO_PIC = NO;
				GCC_NO_COMMON_BLOCKS = YES;
				GCC_OPTIMIZATION_LEVEL = 0;
				GCC_PREPROCESSOR_DEFINITIONS = (
					"DEBUG=1",
					"$(inherited)",
				);
				GCC_WARN_64_TO_32_BIT_CONVERSION = YES;
				GCC_WARN_ABOUT_RETURN_TYPE = YES_ERROR;
				GCC_WARN_UNDECLARED_SELECTOR = YES;
				GCC_WARN_UNINITIALIZED_AUTOS = YES_AGGRESSIVE;
				GCC_WARN_UNUSED_FUNCTION = YES;
				GCC_WARN_UNUSED_VARIABLE = YES;
				IPHONEOS_DEPLOYMENT_TARGET = 13.5;
				MTL_ENABLE_DEBUG_INFO = INCLUDE_SOURCE;
				MTL_FAST_MATH = YES;
				ONLY_ACTIVE_ARCH = YES;
				SDKROOT = iphoneos;
				SWIFT_ACTIVE_COMPILATION_CONDITIONS = DEBUG;
				SWIFT_OPTIMIZATION_LEVEL = "-Onone";
			};
			name = Debug;
		};
		F17E4A562496B8A6009C6880 /* Release */ = {
			isa = XCBuildConfiguration;
			buildSettings = {
				ALWAYS_SEARCH_USER_PATHS = NO;
				CLANG_ANALYZER_NONNULL = YES;
				CLANG_ANALYZER_NUMBER_OBJECT_CONVERSION = YES_AGGRESSIVE;
				CLANG_CXX_LANGUAGE_STANDARD = "gnu++14";
				CLANG_CXX_LIBRARY = "libc++";
				CLANG_ENABLE_MODULES = YES;
				CLANG_ENABLE_OBJC_ARC = YES;
				CLANG_ENABLE_OBJC_WEAK = YES;
				CLANG_WARN_BLOCK_CAPTURE_AUTORELEASING = YES;
				CLANG_WARN_BOOL_CONVERSION = YES;
				CLANG_WARN_COMMA = YES;
				CLANG_WARN_CONSTANT_CONVERSION = YES;
				CLANG_WARN_DEPRECATED_OBJC_IMPLEMENTATIONS = YES;
				CLANG_WARN_DIRECT_OBJC_ISA_USAGE = YES_ERROR;
				CLANG_WARN_DOCUMENTATION_COMMENTS = YES;
				CLANG_WARN_EMPTY_BODY = YES;
				CLANG_WARN_ENUM_CONVERSION = YES;
				CLANG_WARN_INFINITE_RECURSION = YES;
				CLANG_WARN_INT_CONVERSION = YES;
				CLANG_WARN_NON_LITERAL_NULL_CONVERSION = YES;
				CLANG_WARN_OBJC_IMPLICIT_RETAIN_SELF = YES;
				CLANG_WARN_OBJC_LITERAL_CONVERSION = YES;
				CLANG_WARN_OBJC_ROOT_CLASS = YES_ERROR;
				CLANG_WARN_RANGE_LOOP_ANALYSIS = YES;
				CLANG_WARN_STRICT_PROTOTYPES = YES;
				CLANG_WARN_SUSPICIOUS_MOVE = YES;
				CLANG_WARN_UNGUARDED_AVAILABILITY = YES_AGGRESSIVE;
				CLANG_WARN_UNREACHABLE_CODE = YES;
				CLANG_WARN__DUPLICATE_METHOD_MATCH = YES;
				COPY_PHASE_STRIP = NO;
				DEBUG_INFORMATION_FORMAT = "dwarf-with-dsym";
				ENABLE_NS_ASSERTIONS = NO;
				ENABLE_STRICT_OBJC_MSGSEND = YES;
				GCC_C_LANGUAGE_STANDARD = gnu11;
				GCC_NO_COMMON_BLOCKS = YES;
				GCC_WARN_64_TO_32_BIT_CONVERSION = YES;
				GCC_WARN_ABOUT_RETURN_TYPE = YES_ERROR;
				GCC_WARN_UNDECLARED_SELECTOR = YES;
				GCC_WARN_UNINITIALIZED_AUTOS = YES_AGGRESSIVE;
				GCC_WARN_UNUSED_FUNCTION = YES;
				GCC_WARN_UNUSED_VARIABLE = YES;
				IPHONEOS_DEPLOYMENT_TARGET = 13.5;
				MTL_ENABLE_DEBUG_INFO = NO;
				MTL_FAST_MATH = YES;
				SDKROOT = iphoneos;
				SWIFT_COMPILATION_MODE = wholemodule;
				SWIFT_OPTIMIZATION_LEVEL = "-O";
				VALIDATE_PRODUCT = YES;
			};
			name = Release;
		};
		F17E4A582496B8A6009C6880 /* Debug */ = {
			isa = XCBuildConfiguration;
			buildSettings = {
				ASSETCATALOG_COMPILER_APPICON_NAME = AppIcon;
				CODE_SIGN_STYLE = Automatic;
				DEVELOPMENT_ASSET_PATHS = "\"DarkModeMenu/Preview Content\"";
				DEVELOPMENT_TEAM = 6JW3YQAPPF;
				ENABLE_PREVIEWS = YES;
				INFOPLIST_FILE = DarkModeMenu/Info.plist;
				LD_RUNPATH_SEARCH_PATHS = (
					"$(inherited)",
					"@executable_path/Frameworks",
				);
				PRODUCT_BUNDLE_IDENTIFIER = com.myrzaboi.DarkModeMenu;
				PRODUCT_NAME = "$(TARGET_NAME)";
				SWIFT_VERSION = 5.0;
				TARGETED_DEVICE_FAMILY = "1,2";
			};
			name = Debug;
		};
		F17E4A592496B8A6009C6880 /* Release */ = {
			isa = XCBuildConfiguration;
			buildSettings = {
				ASSETCATALOG_COMPILER_APPICON_NAME = AppIcon;
				CODE_SIGN_STYLE = Automatic;
				DEVELOPMENT_ASSET_PATHS = "\"DarkModeMenu/Preview Content\"";
				DEVELOPMENT_TEAM = 6JW3YQAPPF;
				ENABLE_PREVIEWS = YES;
				INFOPLIST_FILE = DarkModeMenu/Info.plist;
				LD_RUNPATH_SEARCH_PATHS = (
					"$(inherited)",
					"@executable_path/Frameworks",
				);
				PRODUCT_BUNDLE_IDENTIFIER = com.myrzaboi.DarkModeMenu;
				PRODUCT_NAME = "$(TARGET_NAME)";
				SWIFT_VERSION = 5.0;
				TARGETED_DEVICE_FAMILY = "1,2";
			};
			name = Release;
		};
/* End XCBuildConfiguration section */

/* Begin XCConfigurationList section */
		F17E4A3E2496B8A5009C6880 /* Build configuration list for PBXProject "DarkModeMenu" */ = {
			isa = XCConfigurationList;
			buildConfigurations = (
				F17E4A552496B8A6009C6880 /* Debug */,
				F17E4A562496B8A6009C6880 /* Release */,
			);
			defaultConfigurationIsVisible = 0;
			defaultConfigurationName = Release;
		};
		F17E4A572496B8A6009C6880 /* Build configuration list for PBXNativeTarget "DarkModeMenu" */ = {
			isa = XCConfigurationList;
			buildConfigurations = (
				F17E4A582496B8A6009C6880 /* Debug */,
				F17E4A592496B8A6009C6880 /* Release */,
			);
			defaultConfigurationIsVisible = 0;
			defaultConfigurationName = Release;
		};
/* End XCConfigurationList section */
	};
	rootObject = F17E4A3B2496B8A5009C6880 /* Project object */;
}
