// !$*UTF8*$!
{
	archiveVersion = 1;
	classes = {
	};
	objectVersion = 50;
	objects = {

/* Begin PBXBuildFile section */
		F1010F0A24A786940034EBB9 /* AppDelegate.swift in Sources */ = {isa = PBXBuildFile; fileRef = F1010F0924A786940034EBB9 /* AppDelegate.swift */; };
		F1010F0C24A786940034EBB9 /* SceneDelegate.swift in Sources */ = {isa = PBXBuildFile; fileRef = F1010F0B24A786940034EBB9 /* SceneDelegate.swift */; };
		F1010F0F24A786940034EBB9 /* ToDoApp.xcdatamodeld in Sources */ = {isa = PBXBuildFile; fileRef = F1010F0D24A786940034EBB9 /* ToDoApp.xcdatamodeld */; };
		F1010F1124A786940034EBB9 /* ContentView.swift in Sources */ = {isa = PBXBuildFile; fileRef = F1010F1024A786940034EBB9 /* ContentView.swift */; };
		F1010F1324A786960034EBB9 /* Assets.xcassets in Resources */ = {isa = PBXBuildFile; fileRef = F1010F1224A786960034EBB9 /* Assets.xcassets */; };
		F1010F1624A786960034EBB9 /* Preview Assets.xcassets in Resources */ = {isa = PBXBuildFile; fileRef = F1010F1524A786960034EBB9 /* Preview Assets.xcassets */; };
		F1010F1924A786960034EBB9 /* LaunchScreen.storyboard in Resources */ = {isa = PBXBuildFile; fileRef = F1010F1724A786960034EBB9 /* LaunchScreen.storyboard */; };
		F1010F2124A7D1C30034EBB9 /* Type.swift in Sources */ = {isa = PBXBuildFile; fileRef = F1010F2024A7D1C30034EBB9 /* Type.swift */; };
		F1010F2324A7D1EF0034EBB9 /* SaveView.swift in Sources */ = {isa = PBXBuildFile; fileRef = F1010F2224A7D1EF0034EBB9 /* SaveView.swift */; };
		F1010F2524A7D2380034EBB9 /* CellView.swift in Sources */ = {isa = PBXBuildFile; fileRef = F1010F2424A7D2380034EBB9 /* CellView.swift */; };
		F1010F2724A7D2A80034EBB9 /* Observer.swift in Sources */ = {isa = PBXBuildFile; fileRef = F1010F2624A7D2A80034EBB9 /* Observer.swift */; };
/* End PBXBuildFile section */

/* Begin PBXFileReference section */
		F1010F0624A786940034EBB9 /* ToDoApp.app */ = {isa = PBXFileReference; explicitFileType = wrapper.application; includeInIndex = 0; path = ToDoApp.app; sourceTree = BUILT_PRODUCTS_DIR; };
		F1010F0924A786940034EBB9 /* AppDelegate.swift */ = {isa = PBXFileReference; lastKnownFileType = sourcecode.swift; path = AppDelegate.swift; sourceTree = "<group>"; };
		F1010F0B24A786940034EBB9 /* SceneDelegate.swift */ = {isa = PBXFileReference; lastKnownFileType = sourcecode.swift; path = SceneDelegate.swift; sourceTree = "<group>"; };
		F1010F0E24A786940034EBB9 /* ToDoApp.xcdatamodel */ = {isa = PBXFileReference; lastKnownFileType = wrapper.xcdatamodel; path = ToDoApp.xcdatamodel; sourceTree = "<group>"; };
		F1010F1024A786940034EBB9 /* ContentView.swift */ = {isa = PBXFileReference; lastKnownFileType = sourcecode.swift; path = ContentView.swift; sourceTree = "<group>"; };
		F1010F1224A786960034EBB9 /* Assets.xcassets */ = {isa = PBXFileReference; lastKnownFileType = folder.assetcatalog; path = Assets.xcassets; sourceTree = "<group>"; };
		F1010F1524A786960034EBB9 /* Preview Assets.xcassets */ = {isa = PBXFileReference; lastKnownFileType = folder.assetcatalog; path = "Preview Assets.xcassets"; sourceTree = "<group>"; };
		F1010F1824A786960034EBB9 /* Base */ = {isa = PBXFileReference; lastKnownFileType = file.storyboard; name = Base; path = Base.lproj/LaunchScreen.storyboard; sourceTree = "<group>"; };
		F1010F1A24A786960034EBB9 /* Info.plist */ = {isa = PBXFileReference; lastKnownFileType = text.plist.xml; path = Info.plist; sourceTree = "<group>"; };
		F1010F2024A7D1C30034EBB9 /* Type.swift */ = {isa = PBXFileReference; lastKnownFileType = sourcecode.swift; path = Type.swift; sourceTree = "<group>"; };
		F1010F2224A7D1EF0034EBB9 /* SaveView.swift */ = {isa = PBXFileReference; lastKnownFileType = sourcecode.swift; path = SaveView.swift; sourceTree = "<group>"; };
		F1010F2424A7D2380034EBB9 /* CellView.swift */ = {isa = PBXFileReference; lastKnownFileType = sourcecode.swift; path = CellView.swift; sourceTree = "<group>"; };
		F1010F2624A7D2A80034EBB9 /* Observer.swift */ = {isa = PBXFileReference; lastKnownFileType = sourcecode.swift; path = Observer.swift; sourceTree = "<group>"; };
/* End PBXFileReference section */

/* Begin PBXFrameworksBuildPhase section */
		F1010F0324A786940034EBB9 /* Frameworks */ = {
			isa = PBXFrameworksBuildPhase;
			buildActionMask = 2147483647;
			files = (
			);
			runOnlyForDeploymentPostprocessing = 0;
		};
/* End PBXFrameworksBuildPhase section */

/* Begin PBXGroup section */
		F1010EFD24A786940034EBB9 = {
			isa = PBXGroup;
			children = (
				F1010F0824A786940034EBB9 /* ToDoApp */,
				F1010F0724A786940034EBB9 /* Products */,
			);
			sourceTree = "<group>";
		};
		F1010F0724A786940034EBB9 /* Products */ = {
			isa = PBXGroup;
			children = (
				F1010F0624A786940034EBB9 /* ToDoApp.app */,
			);
			name = Products;
			sourceTree = "<group>";
		};
		F1010F0824A786940034EBB9 /* ToDoApp */ = {
			isa = PBXGroup;
			children = (
				F1010F0924A786940034EBB9 /* AppDelegate.swift */,
				F1010F0B24A786940034EBB9 /* SceneDelegate.swift */,
				F1010F1024A786940034EBB9 /* ContentView.swift */,
				F1010F2624A7D2A80034EBB9 /* Observer.swift */,
				F1010F2424A7D2380034EBB9 /* CellView.swift */,
				F1010F2224A7D1EF0034EBB9 /* SaveView.swift */,
				F1010F2024A7D1C30034EBB9 /* Type.swift */,
				F1010F1224A786960034EBB9 /* Assets.xcassets */,
				F1010F1724A786960034EBB9 /* LaunchScreen.storyboard */,
				F1010F1A24A786960034EBB9 /* Info.plist */,
				F1010F0D24A786940034EBB9 /* ToDoApp.xcdatamodeld */,
				F1010F1424A786960034EBB9 /* Preview Content */,
			);
			path = ToDoApp;
			sourceTree = "<group>";
		};
		F1010F1424A786960034EBB9 /* Preview Content */ = {
			isa = PBXGroup;
			children = (
				F1010F1524A786960034EBB9 /* Preview Assets.xcassets */,
			);
			path = "Preview Content";
			sourceTree = "<group>";
		};
/* End PBXGroup section */

/* Begin PBXNativeTarget section */
		F1010F0524A786940034EBB9 /* ToDoApp */ = {
			isa = PBXNativeTarget;
			buildConfigurationList = F1010F1D24A786960034EBB9 /* Build configuration list for PBXNativeTarget "ToDoApp" */;
			buildPhases = (
				F1010F0224A786940034EBB9 /* Sources */,
				F1010F0324A786940034EBB9 /* Frameworks */,
				F1010F0424A786940034EBB9 /* Resources */,
			);
			buildRules = (
			);
			dependencies = (
			);
			name = ToDoApp;
			productName = ToDoApp;
			productReference = F1010F0624A786940034EBB9 /* ToDoApp.app */;
			productType = "com.apple.product-type.application";
		};
/* End PBXNativeTarget section */

/* Begin PBXProject section */
		F1010EFE24A786940034EBB9 /* Project object */ = {
			isa = PBXProject;
			attributes = {
				LastSwiftUpdateCheck = 1150;
				LastUpgradeCheck = 1150;
				ORGANIZATIONNAME = "алтынпончик";
				TargetAttributes = {
					F1010F0524A786940034EBB9 = {
						CreatedOnToolsVersion = 11.5;
					};
				};
			};
			buildConfigurationList = F1010F0124A786940034EBB9 /* Build configuration list for PBXProject "ToDoApp" */;
			compatibilityVersion = "Xcode 9.3";
			developmentRegion = en;
			hasScannedForEncodings = 0;
			knownRegions = (
				en,
				Base,
			);
			mainGroup = F1010EFD24A786940034EBB9;
			productRefGroup = F1010F0724A786940034EBB9 /* Products */;
			projectDirPath = "";
			projectRoot = "";
			targets = (
				F1010F0524A786940034EBB9 /* ToDoApp */,
			);
		};
/* End PBXProject section */

/* Begin PBXResourcesBuildPhase section */
		F1010F0424A786940034EBB9 /* Resources */ = {
			isa = PBXResourcesBuildPhase;
			buildActionMask = 2147483647;
			files = (
				F1010F1924A786960034EBB9 /* LaunchScreen.storyboard in Resources */,
				F1010F1624A786960034EBB9 /* Preview Assets.xcassets in Resources */,
				F1010F1324A786960034EBB9 /* Assets.xcassets in Resources */,
			);
			runOnlyForDeploymentPostprocessing = 0;
		};
/* End PBXResourcesBuildPhase section */

/* Begin PBXSourcesBuildPhase section */
		F1010F0224A786940034EBB9 /* Sources */ = {
			isa = PBXSourcesBuildPhase;
			buildActionMask = 2147483647;
			files = (
				F1010F2124A7D1C30034EBB9 /* Type.swift in Sources */,
				F1010F2724A7D2A80034EBB9 /* Observer.swift in Sources */,
				F1010F0A24A786940034EBB9 /* AppDelegate.swift in Sources */,
				F1010F0F24A786940034EBB9 /* ToDoApp.xcdatamodeld in Sources */,
				F1010F1124A786940034EBB9 /* ContentView.swift in Sources */,
				F1010F0C24A786940034EBB9 /* SceneDelegate.swift in Sources */,
				F1010F2324A7D1EF0034EBB9 /* SaveView.swift in Sources */,
				F1010F2524A7D2380034EBB9 /* CellView.swift in Sources */,
			);
			runOnlyForDeploymentPostprocessing = 0;
		};
/* End PBXSourcesBuildPhase section */

/* Begin PBXVariantGroup section */
		F1010F1724A786960034EBB9 /* LaunchScreen.storyboard */ = {
			isa = PBXVariantGroup;
			children = (
				F1010F1824A786960034EBB9 /* Base */,
			);
			name = LaunchScreen.storyboard;
			sourceTree = "<group>";
		};
/* End PBXVariantGroup section */

/* Begin XCBuildConfiguration section */
		F1010F1B24A786960034EBB9 /* Debug */ = {
			isa = XCBuildConfiguration;
			buildSettings = {
				ALWAYS_SEARCH_USER_PATHS = NO;
				CLANG_ANALYZER_NONNULL = YES;
				CLANG_ANALYZER_NUMBER_OBJECT_CONVERSION = YES_AGGRESSIVE;
				CLANG_CXX_LANGUAGE_STANDARD = "gnu++14";
				CLANG_CXX_LIBRARY = "libc++";
				CLANG_ENABLE_MODULES = YES;
				CLANG_ENABLE_OBJC_ARC = YES;
				CLANG_ENABLE_OBJC_WEAK = YES;
				CLANG_WARN_BLOCK_CAPTURE_AUTORELEASING = YES;
				CLANG_WARN_BOOL_CONVERSION = YES;
				CLANG_WARN_COMMA = YES;
				CLANG_WARN_CONSTANT_CONVERSION = YES;
				CLANG_WARN_DEPRECATED_OBJC_IMPLEMENTATIONS = YES;
				CLANG_WARN_DIRECT_OBJC_ISA_USAGE = YES_ERROR;
				CLANG_WARN_DOCUMENTATION_COMMENTS = YES;
				CLANG_WARN_EMPTY_BODY = YES;
				CLANG_WARN_ENUM_CONVERSION = YES;
				CLANG_WARN_INFINITE_RECURSION = YES;
				CLANG_WARN_INT_CONVERSION = YES;
				CLANG_WARN_NON_LITERAL_NULL_CONVERSION = YES;
				CLANG_WARN_OBJC_IMPLICIT_RETAIN_SELF = YES;
				CLANG_WARN_OBJC_LITERAL_CONVERSION = YES;
				CLANG_WARN_OBJC_ROOT_CLASS = YES_ERROR;
				CLANG_WARN_RANGE_LOOP_ANALYSIS = YES;
				CLANG_WARN_STRICT_PROTOTYPES = YES;
				CLANG_WARN_SUSPICIOUS_MOVE = YES;
				CLANG_WARN_UNGUARDED_AVAILABILITY = YES_AGGRESSIVE;
				CLANG_WARN_UNREACHABLE_CODE = YES;
				CLANG_WARN__DUPLICATE_METHOD_MATCH = YES;
				COPY_PHASE_STRIP = NO;
				DEBUG_INFORMATION_FORMAT = dwarf;
				ENABLE_STRICT_OBJC_MSGSEND = YES;
				ENABLE_TESTABILITY = YES;
				GCC_C_LANGUAGE_STANDARD = gnu11;
				GCC_DYNAMIC_NO_PIC = NO;
				GCC_NO_COMMON_BLOCKS = YES;
				GCC_OPTIMIZATION_LEVEL = 0;
				GCC_PREPROCESSOR_DEFINITIONS = (
					"DEBUG=1",
					"$(inherited)",
				);
				GCC_WARN_64_TO_32_BIT_CONVERSION = YES;
				GCC_WARN_ABOUT_RETURN_TYPE = YES_ERROR;
				GCC_WARN_UNDECLARED_SELECTOR = YES;
				GCC_WARN_UNINITIALIZED_AUTOS = YES_AGGRESSIVE;
				GCC_WARN_UNUSED_FUNCTION = YES;
				GCC_WARN_UNUSED_VARIABLE = YES;
				IPHONEOS_DEPLOYMENT_TARGET = 13.5;
				MTL_ENABLE_DEBUG_INFO = INCLUDE_SOURCE;
				MTL_FAST_MATH = YES;
				ONLY_ACTIVE_ARCH = YES;
				SDKROOT = iphoneos;
				SWIFT_ACTIVE_COMPILATION_CONDITIONS = DEBUG;
				SWIFT_OPTIMIZATION_LEVEL = "-Onone";
			};
			name = Debug;
		};
		F1010F1C24A786960034EBB9 /* Release */ = {
			isa = XCBuildConfiguration;
			buildSettings = {
				ALWAYS_SEARCH_USER_PATHS = NO;
				CLANG_ANALYZER_NONNULL = YES;
				CLANG_ANALYZER_NUMBER_OBJECT_CONVERSION = YES_AGGRESSIVE;
				CLANG_CXX_LANGUAGE_STANDARD = "gnu++14";
				CLANG_CXX_LIBRARY = "libc++";
				CLANG_ENABLE_MODULES = YES;
				CLANG_ENABLE_OBJC_ARC = YES;
				CLANG_ENABLE_OBJC_WEAK = YES;
				CLANG_WARN_BLOCK_CAPTURE_AUTORELEASING = YES;
				CLANG_WARN_BOOL_CONVERSION = YES;
				CLANG_WARN_COMMA = YES;
				CLANG_WARN_CONSTANT_CONVERSION = YES;
				CLANG_WARN_DEPRECATED_OBJC_IMPLEMENTATIONS = YES;
				CLANG_WARN_DIRECT_OBJC_ISA_USAGE = YES_ERROR;
				CLANG_WARN_DOCUMENTATION_COMMENTS = YES;
				CLANG_WARN_EMPTY_BODY = YES;
				CLANG_WARN_ENUM_CONVERSION = YES;
				CLANG_WARN_INFINITE_RECURSION = YES;
				CLANG_WARN_INT_CONVERSION = YES;
				CLANG_WARN_NON_LITERAL_NULL_CONVERSION = YES;
				CLANG_WARN_OBJC_IMPLICIT_RETAIN_SELF = YES;
				CLANG_WARN_OBJC_LITERAL_CONVERSION = YES;
				CLANG_WARN_OBJC_ROOT_CLASS = YES_ERROR;
				CLANG_WARN_RANGE_LOOP_ANALYSIS = YES;
				CLANG_WARN_STRICT_PROTOTYPES = YES;
				CLANG_WARN_SUSPICIOUS_MOVE = YES;
				CLANG_WARN_UNGUARDED_AVAILABILITY = YES_AGGRESSIVE;
				CLANG_WARN_UNREACHABLE_CODE = YES;
				CLANG_WARN__DUPLICATE_METHOD_MATCH = YES;
				COPY_PHASE_STRIP = NO;
				DEBUG_INFORMATION_FORMAT = "dwarf-with-dsym";
				ENABLE_NS_ASSERTIONS = NO;
				ENABLE_STRICT_OBJC_MSGSEND = YES;
				GCC_C_LANGUAGE_STANDARD = gnu11;
				GCC_NO_COMMON_BLOCKS = YES;
				GCC_WARN_64_TO_32_BIT_CONVERSION = YES;
				GCC_WARN_ABOUT_RETURN_TYPE = YES_ERROR;
				GCC_WARN_UNDECLARED_SELECTOR = YES;
				GCC_WARN_UNINITIALIZED_AUTOS = YES_AGGRESSIVE;
				GCC_WARN_UNUSED_FUNCTION = YES;
				GCC_WARN_UNUSED_VARIABLE = YES;
				IPHONEOS_DEPLOYMENT_TARGET = 13.5;
				MTL_ENABLE_DEBUG_INFO = NO;
				MTL_FAST_MATH = YES;
				SDKROOT = iphoneos;
				SWIFT_COMPILATION_MODE = wholemodule;
				SWIFT_OPTIMIZATION_LEVEL = "-O";
				VALIDATE_PRODUCT = YES;
			};
			name = Release;
		};
		F1010F1E24A786960034EBB9 /* Debug */ = {
			isa = XCBuildConfiguration;
			buildSettings = {
				ASSETCATALOG_COMPILER_APPICON_NAME = AppIcon;
				CODE_SIGN_STYLE = Automatic;
				DEVELOPMENT_ASSET_PATHS = "\"ToDoApp/Preview Content\"";
				DEVELOPMENT_TEAM = 6JW3YQAPPF;
				ENABLE_PREVIEWS = YES;
				INFOPLIST_FILE = ToDoApp/Info.plist;
				LD_RUNPATH_SEARCH_PATHS = (
					"$(inherited)",
					"@executable_path/Frameworks",
				);
				PRODUCT_BUNDLE_IDENTIFIER = com.myrzaboi.ToDoApp;
				PRODUCT_NAME = "$(TARGET_NAME)";
				SWIFT_VERSION = 5.0;
				TARGETED_DEVICE_FAMILY = "1,2";
			};
			name = Debug;
		};
		F1010F1F24A786960034EBB9 /* Release */ = {
			isa = XCBuildConfiguration;
			buildSettings = {
				ASSETCATALOG_COMPILER_APPICON_NAME = AppIcon;
				CODE_SIGN_STYLE = Automatic;
				DEVELOPMENT_ASSET_PATHS = "\"ToDoApp/Preview Content\"";
				DEVELOPMENT_TEAM = 6JW3YQAPPF;
				ENABLE_PREVIEWS = YES;
				INFOPLIST_FILE = ToDoApp/Info.plist;
				LD_RUNPATH_SEARCH_PATHS = (
					"$(inherited)",
					"@executable_path/Frameworks",
				);
				PRODUCT_BUNDLE_IDENTIFIER = com.myrzaboi.ToDoApp;
				PRODUCT_NAME = "$(TARGET_NAME)";
				SWIFT_VERSION = 5.0;
				TARGETED_DEVICE_FAMILY = "1,2";
			};
			name = Release;
		};
/* End XCBuildConfiguration section */

/* Begin XCConfigurationList section */
		F1010F0124A786940034EBB9 /* Build configuration list for PBXProject "ToDoApp" */ = {
			isa = XCConfigurationList;
			buildConfigurations = (
				F1010F1B24A786960034EBB9 /* Debug */,
				F1010F1C24A786960034EBB9 /* Release */,
			);
			defaultConfigurationIsVisible = 0;
			defaultConfigurationName = Release;
		};
		F1010F1D24A786960034EBB9 /* Build configuration list for PBXNativeTarget "ToDoApp" */ = {
			isa = XCConfigurationList;
			buildConfigurations = (
				F1010F1E24A786960034EBB9 /* Debug */,
				F1010F1F24A786960034EBB9 /* Release */,
			);
			defaultConfigurationIsVisible = 0;
			defaultConfigurationName = Release;
		};
/* End XCConfigurationList section */

/* Begin XCVersionGroup section */
		F1010F0D24A786940034EBB9 /* ToDoApp.xcdatamodeld */ = {
			isa = XCVersionGroup;
			children = (
				F1010F0E24A786940034EBB9 /* ToDoApp.xcdatamodel */,
			);
			currentVersion = F1010F0E24A786940034EBB9 /* ToDoApp.xcdatamodel */;
			path = ToDoApp.xcdatamodeld;
			sourceTree = "<group>";
			versionGroupType = wrapper.xcdatamodel;
		};
/* End XCVersionGroup section */
	};
	rootObject = F1010EFE24A786940034EBB9 /* Project object */;
}
